hash: 3c7401b1952201514228360443d1ece18c1e893fc719bd178cbd5e61aa82be1f
updated: 2017-09-22T13:32:06.641375733-04:00
imports:
- name: github.com/agl/ed25519
  version: 5312a61534124124185d41f09206b9fef1d88403
  subpackages:
  - edwards25519
- name: github.com/boltdb/bolt
  version: 2f1ce7a837dcb8da3ec595b1dac9d0632f0f99e8
- name: github.com/btcsuite/btclog
  version: 84c8d2346e9fc8c7b947e243b9c24e6df9fd206a
- name: github.com/btcsuite/go-socks
  version: 4720035b7bfd2a9bb130b1c184f8bbe41b6f0d0f
  subpackages:
  - socks
- name: github.com/btcsuite/websocket
  version: 31079b6807923eb23992c421b114992b95131b55
- name: github.com/containerd/continuity
  version: 35d55c5e8dd23b32037d56cf97174aff3efdfa83
  subpackages:
  - pathdriver
- name: github.com/dchest/blake256
  version: dee3fe6eb0e98dc774a94fc231f85baf7c29d360
- name: github.com/decred/bitset
  version: 484b833245d5f9046e2893a6bd2e54b1df3a53a4
- name: github.com/decred/dcrd
  version: 1500e972e2b0f0a687bc83308c868708ca5f7c16
  subpackages:
  - blockchain
  - blockchain/indexers
  - blockchain/internal/dbnamespace
  - blockchain/internal/progresslog
  - blockchain/stake
  - blockchain/stake/internal/dbnamespace
  - blockchain/stake/internal/ticketdb
  - blockchain/stake/internal/tickettreap
  - chaincfg
  - chaincfg/chainec
  - chaincfg/chainhash
  - database
  - dcrec/edwards
  - dcrec/secp256k1
  - dcrec/secp256k1/schnorr
  - dcrjson
  - mempool
  - mining
  - sampleconfig
  - txscript
  - wire
- name: github.com/decred/dcrrpcclient
  version: bd992834efae9f8a81842221a634f4af22b77a0f
- name: github.com/decred/dcrutil
  version: ddbde93f65ab0692e54ed8a5ad325fa2e8af4daa
  subpackages:
  - base58
  - hdkeychain
- name: github.com/decred/dcrwallet
  version: cf426bf26d89e6b0c750bd0cdb0f2b2635eecda9
  subpackages:
  - apperrors
  - chain
  - internal/helpers
  - internal/prompt
  - internal/zero
  - loader
  - pgpwordlist
  - prompt
  - snacl
  - ticketbuyer
  - wallet
  - wallet/internal/txsizes
  - wallet/txauthor
  - wallet/txrules
  - wallet/udb
  - walletdb
  - walletdb/bdb
  - walletseed
- name: github.com/docker/docker
  version: ba317637de9b9918cdc2139466dd51c6200bd158
  subpackages:
  - pkg/archive
  - pkg/fileutils
  - pkg/idtools
  - pkg/ioutils
  - pkg/longpath
  - pkg/mount
  - pkg/pools
  - pkg/promise
  - pkg/system
- name: github.com/docker/go-units
  version: 0dadbb0345b35ec7ef35e228dabb8de89a65bf52
- name: github.com/marcopeereboom/go-homedir
  version: 56341bedd946382d5f8cd3ea68d14dc37aa4eb30
- name: github.com/Microsoft/go-winio
  version: 78439966b38d69bf38227fbf57ac8a6fee70f69a
- name: github.com/opencontainers/runc
  version: e385f67a0e45fa1d8ef8154e2aea5128ea1d331b
  subpackages:
  - libcontainer/system
  - libcontainer/user
- name: github.com/pkg/errors
  version: 2b3a18b5f0fb6b4f9190549597d3f962c02bc5eb
- name: github.com/sirupsen/logrus
  version: 89742aefa4b206dcf400792f3bd35b542998eb3b
- name: golang.org/x/crypto
  version: 7d9177d70076375b9a59c8fde23d52d9c4a7ecd5
  subpackages:
  - cast5
  - nacl/secretbox
  - openpgp
  - openpgp/armor
  - openpgp/elgamal
  - openpgp/errors
  - openpgp/packet
  - openpgp/s2k
  - pbkdf2
  - poly1305
  - ripemd160
  - salsa20/salsa
  - scrypt
  - ssh/terminal
- name: golang.org/x/net
  version: 0744d001aa8470aaa53df28d32e5ceeb8af9bd70
  subpackages:
  - context
- name: golang.org/x/sync
  version: f52d1811a62927559de87708c8913c1650ce4f26
  subpackages:
  - errgroup
- name: golang.org/x/sys
  version: 429f518978ab01db8bb6f44b66785088e7fba58b
  subpackages:
  - unix
  - windows
testImports: []
