hash: c94c15d4dee0fdd0ab919b101ad7eeb070ce46580c1ef97aba63d0c9caf9c71f
updated: 2017-08-25T12:18:28.690233768-05:00
imports:
- name: github.com/agl/ed25519
  version: 278e1ec8e8a6e017cd07577924d6766039146ced
  subpackages:
  - edwards25519
- name: github.com/boltdb/bolt
  version: 2f1ce7a837dcb8da3ec595b1dac9d0632f0f99e8
- name: github.com/btcsuite/btclog
  version: 84c8d2346e9fc8c7b947e243b9c24e6df9fd206a
- name: github.com/btcsuite/go-socks
  version: 4720035b7bfd2a9bb130b1c184f8bbe41b6f0d0f
  subpackages:
  - socks
- name: github.com/btcsuite/websocket
  version: 31079b6807923eb23992c421b114992b95131b55
- name: github.com/dchest/blake256
  version: dee3fe6eb0e98dc774a94fc231f85baf7c29d360
- name: github.com/decred/bitset
  version: 484b833245d5f9046e2893a6bd2e54b1df3a53a4
- name: github.com/decred/dcrd
  version: f0a01ced0aad52437f62b626e8ffe43c3ae689a5
  subpackages:
  - blockchain
  - blockchain/internal/dbnamespace
  - blockchain/internal/progresslog
  - blockchain/stake
  - blockchain/stake/internal/dbnamespace
  - blockchain/stake/internal/ticketdb
  - blockchain/stake/internal/tickettreap
  - chaincfg
  - chaincfg/chainec
  - chaincfg/chainhash
  - database
  - dcrec/edwards
  - dcrec/secp256k1
  - dcrec/secp256k1/schnorr
  - dcrjson
  - sampleconfig
  - txscript
  - wire
- name: github.com/decred/dcrrpcclient
  version: abc326aeb97b299c7eb6b13b81353fc375e9b95d
- name: github.com/decred/dcrutil
  version: 166211f0196be1d3be344ae64149e7c4f5ca36b0
  subpackages:
  - base58
  - hdkeychain
- name: github.com/decred/dcrwallet
  version: 2befc6ae9e4979ca6fa72a5c900f6c1d2e13953a
  subpackages:
  - apperrors
  - chain
  - internal/helpers
  - internal/prompt
  - internal/zero
  - loader
  - pgpwordlist
  - prompt
  - snacl
  - ticketbuyer
  - wallet
  - wallet/internal/txsizes
  - wallet/txauthor
  - wallet/txrules
  - wallet/udb
  - walletdb
  - walletdb/bdb
  - walletseed
- name: github.com/docker/docker
  version: 361a473121f2cd4e688a3bb71fbeff00aaf674d7
  subpackages:
  - pkg/archive
  - pkg/fileutils
  - pkg/idtools
  - pkg/ioutils
  - pkg/longpath
  - pkg/mount
  - pkg/pools
  - pkg/promise
  - pkg/system
- name: github.com/docker/go-units
  version: 0dadbb0345b35ec7ef35e228dabb8de89a65bf52
- name: github.com/marcopeereboom/go-homedir
  version: 56341bedd946382d5f8cd3ea68d14dc37aa4eb30
- name: github.com/Microsoft/go-winio
  version: 78439966b38d69bf38227fbf57ac8a6fee70f69a
- name: github.com/opencontainers/runc
  version: ae2948042b08ad3d6d13cd09f40a50ffff4fc688
  subpackages:
  - libcontainer/system
  - libcontainer/user
- name: github.com/pkg/errors
  version: c605e284fe17294bda444b34710735b29d1a9d90
- name: github.com/sirupsen/logrus
  version: 84573d5f03ab3740f524c7842c3a9bf617961d32
- name: golang.org/x/crypto
  version: eb71ad9bd329b5ac0fd0148dd99bd62e8be8e035
  subpackages:
  - cast5
  - nacl/secretbox
  - openpgp
  - openpgp/armor
  - openpgp/elgamal
  - openpgp/errors
  - openpgp/packet
  - openpgp/s2k
  - pbkdf2
  - poly1305
  - ripemd160
  - salsa20/salsa
  - scrypt
  - ssh/terminal
- name: golang.org/x/net
  version: 1c05540f6879653db88113bc4a2b70aec4bd491f
  subpackages:
  - context
- name: golang.org/x/sys
  version: 07c182904dbd53199946ba614a412c61d3c548f5
  subpackages:
  - unix
  - windows
testImports: []
