# This file is autogenerated, do not edit; changes may be undone by the next 'dep ensure'.


[[projects]]
  name = "github.com/Microsoft/go-winio"
  packages = ["."]
  revision = "78439966b38d69bf38227fbf57ac8a6fee70f69a"
  version = "v0.4.5"

[[projects]]
  name = "github.com/Sirupsen/logrus"
  packages = ["."]
  revision = "d682213848ed68c0a260ca37d6dd5ace8423f5ba"
  version = "v1.0.4"

[[projects]]
  branch = "master"
  name = "github.com/agl/ed25519"
  packages = [".","edwards25519"]
  revision = "5312a61534124124185d41f09206b9fef1d88403"

[[projects]]
  name = "github.com/boltdb/bolt"
  packages = ["."]
  revision = "2f1ce7a837dcb8da3ec595b1dac9d0632f0f99e8"
  version = "v1.3.1"

[[projects]]
  branch = "master"
  name = "github.com/btcsuite/btclog"
  packages = ["."]
  revision = "84c8d2346e9fc8c7b947e243b9c24e6df9fd206a"

[[projects]]
  branch = "master"
  name = "github.com/btcsuite/go-socks"
  packages = ["socks"]
  revision = "4720035b7bfd2a9bb130b1c184f8bbe41b6f0d0f"

[[projects]]
  branch = "master"
  name = "github.com/btcsuite/websocket"
  packages = ["."]
  revision = "31079b6807923eb23992c421b114992b95131b55"

[[projects]]
  branch = "master"
  name = "github.com/dchest/blake256"
  packages = ["."]
  revision = "dee3fe6eb0e98dc774a94fc231f85baf7c29d360"

[[projects]]
  branch = "master"
  name = "github.com/decred/base58"
  packages = ["."]
  revision = "b3520e187fa8ebe65eb74245408cf4b83e6a65d3"

[[projects]]
  name = "github.com/decred/dcrd"
  packages = ["blockchain","blockchain/indexers","blockchain/internal/dbnamespace","blockchain/internal/progresslog","blockchain/stake","blockchain/stake/internal/dbnamespace","blockchain/stake/internal/ticketdb","blockchain/stake/internal/tickettreap","chaincfg","chaincfg/chainec","chaincfg/chainhash","database","dcrec/edwards","dcrec/secp256k1","dcrec/secp256k1/schnorr","dcrjson","dcrutil","hdkeychain","mempool","mining","rpcclient","sampleconfig","txscript","wire"]
  revision = "008e80bf8668544de4200a08927e95e5926439a0"

[[projects]]
  name = "github.com/decred/dcrwallet"
  packages = ["apperrors","internal/helpers","internal/prompt","internal/zero","loader","pgpwordlist","prompt","snacl","ticketbuyer","wallet","wallet/internal/txsizes","wallet/txauthor","wallet/txrules","wallet/udb","walletdb","walletdb/bdb","walletseed"]
  revision = "0027db2f7a9fcce036af661938ff5a35727547a9"

[[projects]]
  name = "github.com/docker/docker"
  packages = ["pkg/archive","pkg/fileutils","pkg/idtools","pkg/ioutils","pkg/longpath","pkg/pools","pkg/promise","pkg/system"]
  revision = "eef6495eddab52828327aade186443681ed71a4e"
  version = "v17.03.2-ce-rc1"

[[projects]]
  name = "github.com/docker/go-units"
  packages = ["."]
  revision = "0dadbb0345b35ec7ef35e228dabb8de89a65bf52"
  version = "v0.3.2"

[[projects]]
  branch = "master"
  name = "github.com/jrick/bitset"
  packages = ["."]
  revision = "06eae37cdf93c699c0503c23f998167ce841974c"

[[projects]]
  branch = "master"
  name = "github.com/marcopeereboom/go-homedir"
  packages = ["."]
  revision = "56341bedd946382d5f8cd3ea68d14dc37aa4eb30"

[[projects]]
  name = "github.com/opencontainers/runc"
  packages = ["libcontainer/system","libcontainer/user"]
  revision = "baf6536d6259209c3edfa2b22237af82942d3dfa"
  version = "v0.1.1"

[[projects]]
  branch = "master"
  name = "golang.org/x/crypto"
  packages = ["cast5","nacl/secretbox","openpgp","openpgp/armor","openpgp/elgamal","openpgp/errors","openpgp/packet","openpgp/s2k","pbkdf2","poly1305","ripemd160","salsa20/salsa","scrypt","ssh/terminal"]
  revision = "94eea52f7b742c7cbe0b03b22f0c4c8631ece122"

[[projects]]
  branch = "master"
  name = "golang.org/x/net"
  packages = ["context"]
  revision = "d866cfc389cec985d6fda2859936a575a55a3ab6"

[[projects]]
  branch = "master"
  name = "golang.org/x/sync"
  packages = ["errgroup"]
  revision = "fd80eb99c8f653c847d294a001bdf2a3a6f768f5"

[[projects]]
  branch = "master"
  name = "golang.org/x/sys"
  packages = ["unix","windows"]
  revision = "53aa286056ef226755cd898109dbcdaba8ac0b81"

[solve-meta]
  analyzer-name = "dep"
  analyzer-version = 1
  inputs-digest = "d41231ac29cf0e9b74c4f420bfb89d44acd4edd3b68950bf2e90ae91255060a3"
  solver-name = "gps-cdcl"
  solver-version = 1
